
Microsoft Visual Studio Solution File, Format Version 12.00
# Visual Studio 15
VisualStudioVersion = 15.0.27428.2011
MinimumVisualStudioVersion = 10.0.40219.1
Project("{888888A0-9F3D-457C-B088-3A5042F75D52}") = "AILib", "AILib\AILib.pyproj", "{7813913A-6570-4DE5-B3EA-CE497352AC5E}"
EndProject
Global
	GlobalSection(SolutionConfigurationPlatforms) = preSolution
		Debug|Any CPU = Debug|Any CPU
		Release|Any CPU = Release|Any CPU
	EndGlobalSection
	GlobalSection(ProjectConfigurationPlatforms) = postSolution
		{7813913A-6570-4DE5-B3EA-CE497352AC5E}.Debug|Any CPU.ActiveCfg = Debug|Any CPU
		{7813913A-6570-4DE5-B3EA-CE497352AC5E}.Release|Any CPU.ActiveCfg = Release|Any CPU
	EndGlobalSection
	GlobalSection(SolutionProperties) = preSolution
		HideSolutionNode = FALSE
	EndGlobalSection
	GlobalSection(ExtensibilityGlobals) = postSolution
		SolutionGuid = {0F6AAD7C-D91E-4D4B-B420-F8CA8DCCBFBF}
	EndGlobalSection
EndGlobal
